
Microsoft Visual Studio Solution File, Format Version 12.00
Project("{FAE04EC0-301F-11D3-BF4B-00C04F79EFBC}") = "Exercise.Console", "Exercise.Console\Exercise.Console.csproj", "{52C13814-A890-4CAA-A440-E9FBC1CFAF56}"
EndProject
Project("{FAE04EC0-301F-11D3-BF4B-00C04F79EFBC}") = "Exercise.Application", "Exercise.Application\Exercise.Application.csproj", "{2789BF08-2A3C-41CA-AFDD-5C75051CB217}"
EndProject
Project("{FAE04EC0-301F-11D3-BF4B-00C04F79EFBC}") = "Exercise.Tests", "Exercise.Tests\Exercise.Tests.csproj", "{F3C98A63-3FF2-445F-90EC-35D9D43F563E}"
EndProject
Global
	GlobalSection(SolutionConfigurationPlatforms) = preSolution
		Debug|Any CPU = Debug|Any CPU
		Release|Any CPU = Release|Any CPU
	EndGlobalSection
	GlobalSection(ProjectConfigurationPlatforms) = postSolution
		{52C13814-A890-4CAA-A440-E9FBC1CFAF56}.Debug|Any CPU.ActiveCfg = Debug|Any CPU
		{52C13814-A890-4CAA-A440-E9FBC1CFAF56}.Debug|Any CPU.Build.0 = Debug|Any CPU
		{52C13814-A890-4CAA-A440-E9FBC1CFAF56}.Release|Any CPU.ActiveCfg = Release|Any CPU
		{52C13814-A890-4CAA-A440-E9FBC1CFAF56}.Release|Any CPU.Build.0 = Release|Any CPU
		{2789BF08-2A3C-41CA-AFDD-5C75051CB217}.Debug|Any CPU.ActiveCfg = Debug|Any CPU
		{2789BF08-2A3C-41CA-AFDD-5C75051CB217}.Debug|Any CPU.Build.0 = Debug|Any CPU
		{2789BF08-2A3C-41CA-AFDD-5C75051CB217}.Release|Any CPU.ActiveCfg = Release|Any CPU
		{2789BF08-2A3C-41CA-AFDD-5C75051CB217}.Release|Any CPU.Build.0 = Release|Any CPU
		{F3C98A63-3FF2-445F-90EC-35D9D43F563E}.Debug|Any CPU.ActiveCfg = Debug|Any CPU
		{F3C98A63-3FF2-445F-90EC-35D9D43F563E}.Debug|Any CPU.Build.0 = Debug|Any CPU
		{F3C98A63-3FF2-445F-90EC-35D9D43F563E}.Release|Any CPU.ActiveCfg = Release|Any CPU
		{F3C98A63-3FF2-445F-90EC-35D9D43F563E}.Release|Any CPU.Build.0 = Release|Any CPU
	EndGlobalSection
EndGlobal
